// !$*UTF8*$!
{
	archiveVersion = 1;
	classes = {
	};
	objectVersion = 55;
	objects = {

/* Begin PBXBuildFile section */
		0EDBC21B2949AC130031E88B /* MoreDetailView.swift in Sources */ = {isa = PBXBuildFile; fileRef = 0EDBC21A2949AC130031E88B /* MoreDetailView.swift */; };
		0EFB746F2922C79F00A2C2F1 /* HW4App.swift in Sources */ = {isa = PBXBuildFile; fileRef = 0EFB746E2922C79F00A2C2F1 /* HW4App.swift */; };
		0EFB74712922C79F00A2C2F1 /* ContentView.swift in Sources */ = {isa = PBXBuildFile; fileRef = 0EFB74702922C79F00A2C2F1 /* ContentView.swift */; };
		0EFB74732922C7A000A2C2F1 /* Assets.xcassets in Resources */ = {isa = PBXBuildFile; fileRef = 0EFB74722922C7A000A2C2F1 /* Assets.xcassets */; };
		0EFB74762922C7A000A2C2F1 /* Preview Assets.xcassets in Resources */ = {isa = PBXBuildFile; fileRef = 0EFB74752922C7A000A2C2F1 /* Preview Assets.xcassets */; };
		0EFB747D2922C7F300A2C2F1 /* Networking.swift in Sources */ = {isa = PBXBuildFile; fileRef = 0EFB747C2922C7F300A2C2F1 /* Networking.swift */; };
		0EFB747F2922C80800A2C2F1 /* Parsing.swift in Sources */ = {isa = PBXBuildFile; fileRef = 0EFB747E2922C80800A2C2F1 /* Parsing.swift */; };
		0EFB74812922C81800A2C2F1 /* Data.swift in Sources */ = {isa = PBXBuildFile; fileRef = 0EFB74802922C81800A2C2F1 /* Data.swift */; };
		0EFB74832922C82600A2C2F1 /* Storage.swift in Sources */ = {isa = PBXBuildFile; fileRef = 0EFB74822922C82600A2C2F1 /* Storage.swift */; };
		0EFB74852922C83D00A2C2F1 /* ServiceLocation.swift in Sources */ = {isa = PBXBuildFile; fileRef = 0EFB74842922C83D00A2C2F1 /* ServiceLocation.swift */; };
		0EFB74872922C84C00A2C2F1 /* Configurator.swift in Sources */ = {isa = PBXBuildFile; fileRef = 0EFB74862922C84C00A2C2F1 /* Configurator.swift */; };
		0EFB748B2922C86800A2C2F1 /* ContentViewModel.swift in Sources */ = {isa = PBXBuildFile; fileRef = 0EFB748A2922C86800A2C2F1 /* ContentViewModel.swift */; };
		0EFB748D2922C88600A2C2F1 /* InjectedWrapper.swift in Sources */ = {isa = PBXBuildFile; fileRef = 0EFB748C2922C88600A2C2F1 /* InjectedWrapper.swift */; };
		0EFB748F2922D0E500A2C2F1 /* DetailDataView.swift in Sources */ = {isa = PBXBuildFile; fileRef = 0EFB748E2922D0E500A2C2F1 /* DetailDataView.swift */; };
/* End PBXBuildFile section */

/* Begin PBXFileReference section */
		0EDBC21A2949AC130031E88B /* MoreDetailView.swift */ = {isa = PBXFileReference; lastKnownFileType = sourcecode.swift; path = MoreDetailView.swift; sourceTree = "<group>"; };
		0EFB746B2922C79F00A2C2F1 /* HW4.app */ = {isa = PBXFileReference; explicitFileType = wrapper.application; includeInIndex = 0; path = HW4.app; sourceTree = BUILT_PRODUCTS_DIR; };
		0EFB746E2922C79F00A2C2F1 /* HW4App.swift */ = {isa = PBXFileReference; lastKnownFileType = sourcecode.swift; path = HW4App.swift; sourceTree = "<group>"; };
		0EFB74702922C79F00A2C2F1 /* ContentView.swift */ = {isa = PBXFileReference; lastKnownFileType = sourcecode.swift; path = ContentView.swift; sourceTree = "<group>"; };
		0EFB74722922C7A000A2C2F1 /* Assets.xcassets */ = {isa = PBXFileReference; lastKnownFileType = folder.assetcatalog; path = Assets.xcassets; sourceTree = "<group>"; };
		0EFB74752922C7A000A2C2F1 /* Preview Assets.xcassets */ = {isa = PBXFileReference; lastKnownFileType = folder.assetcatalog; path = "Preview Assets.xcassets"; sourceTree = "<group>"; };
		0EFB747C2922C7F300A2C2F1 /* Networking.swift */ = {isa = PBXFileReference; lastKnownFileType = sourcecode.swift; path = Networking.swift; sourceTree = "<group>"; };
		0EFB747E2922C80800A2C2F1 /* Parsing.swift */ = {isa = PBXFileReference; lastKnownFileType = sourcecode.swift; path = Parsing.swift; sourceTree = "<group>"; };
		0EFB74802922C81800A2C2F1 /* Data.swift */ = {isa = PBXFileReference; lastKnownFileType = sourcecode.swift; path = Data.swift; sourceTree = "<group>"; };
		0EFB74822922C82600A2C2F1 /* Storage.swift */ = {isa = PBXFileReference; lastKnownFileType = sourcecode.swift; path = Storage.swift; sourceTree = "<group>"; };
		0EFB74842922C83D00A2C2F1 /* ServiceLocation.swift */ = {isa = PBXFileReference; lastKnownFileType = sourcecode.swift; path = ServiceLocation.swift; sourceTree = "<group>"; };
		0EFB74862922C84C00A2C2F1 /* Configurator.swift */ = {isa = PBXFileReference; lastKnownFileType = sourcecode.swift; path = Configurator.swift; sourceTree = "<group>"; };
		0EFB748A2922C86800A2C2F1 /* ContentViewModel.swift */ = {isa = PBXFileReference; lastKnownFileType = sourcecode.swift; path = ContentViewModel.swift; sourceTree = "<group>"; };
		0EFB748C2922C88600A2C2F1 /* InjectedWrapper.swift */ = {isa = PBXFileReference; lastKnownFileType = sourcecode.swift; path = InjectedWrapper.swift; sourceTree = "<group>"; };
		0EFB748E2922D0E500A2C2F1 /* DetailDataView.swift */ = {isa = PBXFileReference; lastKnownFileType = sourcecode.swift; path = DetailDataView.swift; sourceTree = "<group>"; };
/* End PBXFileReference section */

/* Begin PBXFrameworksBuildPhase section */
		0EFB74682922C79F00A2C2F1 /* Frameworks */ = {
			isa = PBXFrameworksBuildPhase;
			buildActionMask = 2147483647;
			files = (
			);
			runOnlyForDeploymentPostprocessing = 0;
		};
/* End PBXFrameworksBuildPhase section */

/* Begin PBXGroup section */
		0EFB74622922C79F00A2C2F1 = {
			isa = PBXGroup;
			children = (
				0EFB746D2922C79F00A2C2F1 /* HW4 */,
				0EFB746C2922C79F00A2C2F1 /* Products */,
			);
			sourceTree = "<group>";
		};
		0EFB746C2922C79F00A2C2F1 /* Products */ = {
			isa = PBXGroup;
			children = (
				0EFB746B2922C79F00A2C2F1 /* HW4.app */,
			);
			name = Products;
			sourceTree = "<group>";
		};
		0EFB746D2922C79F00A2C2F1 /* HW4 */ = {
			isa = PBXGroup;
			children = (
				0EFB746E2922C79F00A2C2F1 /* HW4App.swift */,
				0EFB74702922C79F00A2C2F1 /* ContentView.swift */,
				0EFB748E2922D0E500A2C2F1 /* DetailDataView.swift */,
				0EDBC21A2949AC130031E88B /* MoreDetailView.swift */,
				0EFB747C2922C7F300A2C2F1 /* Networking.swift */,
				0EFB747E2922C80800A2C2F1 /* Parsing.swift */,
				0EFB74802922C81800A2C2F1 /* Data.swift */,
				0EFB74822922C82600A2C2F1 /* Storage.swift */,
				0EFB74842922C83D00A2C2F1 /* ServiceLocation.swift */,
				0EFB74862922C84C00A2C2F1 /* Configurator.swift */,
				0EFB748A2922C86800A2C2F1 /* ContentViewModel.swift */,
				0EFB748C2922C88600A2C2F1 /* InjectedWrapper.swift */,
				0EFB74722922C7A000A2C2F1 /* Assets.xcassets */,
				0EFB74742922C7A000A2C2F1 /* Preview Content */,
			);
			path = HW4;
			sourceTree = "<group>";
		};
		0EFB74742922C7A000A2C2F1 /* Preview Content */ = {
			isa = PBXGroup;
			children = (
				0EFB74752922C7A000A2C2F1 /* Preview Assets.xcassets */,
			);
			path = "Preview Content";
			sourceTree = "<group>";
		};
/* End PBXGroup section */

/* Begin PBXNativeTarget section */
		0EFB746A2922C79F00A2C2F1 /* HW4 */ = {
			isa = PBXNativeTarget;
			buildConfigurationList = 0EFB74792922C7A000A2C2F1 /* Build configuration list for PBXNativeTarget "HW4" */;
			buildPhases = (
				0EFB74672922C79F00A2C2F1 /* Sources */,
				0EFB74682922C79F00A2C2F1 /* Frameworks */,
				0EFB74692922C79F00A2C2F1 /* Resources */,
			);
			buildRules = (
			);
			dependencies = (
			);
			name = HW4;
			productName = HW4;
			productReference = 0EFB746B2922C79F00A2C2F1 /* HW4.app */;
			productType = "com.apple.product-type.application";
		};
/* End PBXNativeTarget section */

/* Begin PBXProject section */
		0EFB74632922C79F00A2C2F1 /* Project object */ = {
			isa = PBXProject;
			attributes = {
				BuildIndependentTargetsInParallel = 1;
				LastSwiftUpdateCheck = 1330;
				LastUpgradeCheck = 1330;
				TargetAttributes = {
					0EFB746A2922C79F00A2C2F1 = {
						CreatedOnToolsVersion = 13.3;
					};
				};
			};
			buildConfigurationList = 0EFB74662922C79F00A2C2F1 /* Build configuration list for PBXProject "HW4" */;
			compatibilityVersion = "Xcode 13.0";
			developmentRegion = en;
			hasScannedForEncodings = 0;
			knownRegions = (
				en,
				Base,
			);
			mainGroup = 0EFB74622922C79F00A2C2F1;
			productRefGroup = 0EFB746C2922C79F00A2C2F1 /* Products */;
			projectDirPath = "";
			projectRoot = "";
			targets = (
				0EFB746A2922C79F00A2C2F1 /* HW4 */,
			);
		};
/* End PBXProject section */

/* Begin PBXResourcesBuildPhase section */
		0EFB74692922C79F00A2C2F1 /* Resources */ = {
			isa = PBXResourcesBuildPhase;
			buildActionMask = 2147483647;
			files = (
				0EFB74762922C7A000A2C2F1 /* Preview Assets.xcassets in Resources */,
				0EFB74732922C7A000A2C2F1 /* Assets.xcassets in Resources */,
			);
			runOnlyForDeploymentPostprocessing = 0;
		};
/* End PBXResourcesBuildPhase section */

/* Begin PBXSourcesBuildPhase section */
		0EFB74672922C79F00A2C2F1 /* Sources */ = {
			isa = PBXSourcesBuildPhase;
			buildActionMask = 2147483647;
			files = (
				0EFB74872922C84C00A2C2F1 /* Configurator.swift in Sources */,
				0EFB747F2922C80800A2C2F1 /* Parsing.swift in Sources */,
				0EFB74812922C81800A2C2F1 /* Data.swift in Sources */,
				0EFB74852922C83D00A2C2F1 /* ServiceLocation.swift in Sources */,
				0EFB747D2922C7F300A2C2F1 /* Networking.swift in Sources */,
				0EFB748D2922C88600A2C2F1 /* InjectedWrapper.swift in Sources */,
				0EFB748F2922D0E500A2C2F1 /* DetailDataView.swift in Sources */,
				0EFB748B2922C86800A2C2F1 /* ContentViewModel.swift in Sources */,
				0EDBC21B2949AC130031E88B /* MoreDetailView.swift in Sources */,
				0EFB74712922C79F00A2C2F1 /* ContentView.swift in Sources */,
				0EFB746F2922C79F00A2C2F1 /* HW4App.swift in Sources */,
				0EFB74832922C82600A2C2F1 /* Storage.swift in Sources */,
			);
			runOnlyForDeploymentPostprocessing = 0;
		};
/* End PBXSourcesBuildPhase section */

/* Begin XCBuildConfiguration section */
		0EFB74772922C7A000A2C2F1 /* Debug */ = {
			isa = XCBuildConfiguration;
			buildSettings = {
				ALWAYS_SEARCH_USER_PATHS = NO;
				CLANG_ANALYZER_NONNULL = YES;
				CLANG_ANALYZER_NUMBER_OBJECT_CONVERSION = YES_AGGRESSIVE;
				CLANG_CXX_LANGUAGE_STANDARD = "gnu++17";
				CLANG_ENABLE_MODULES = YES;
				CLANG_ENABLE_OBJC_ARC = YES;
				CLANG_ENABLE_OBJC_WEAK = YES;
				CLANG_WARN_BLOCK_CAPTURE_AUTORELEASING = YES;
				CLANG_WARN_BOOL_CONVERSION = YES;
				CLANG_WARN_COMMA = YES;
				CLANG_WARN_CONSTANT_CONVERSION = YES;
				CLANG_WARN_DEPRECATED_OBJC_IMPLEMENTATIONS = YES;
				CLANG_WARN_DIRECT_OBJC_ISA_USAGE = YES_ERROR;
				CLANG_WARN_DOCUMENTATION_COMMENTS = YES;
				CLANG_WARN_EMPTY_BODY = YES;
				CLANG_WARN_ENUM_CONVERSION = YES;
				CLANG_WARN_INFINITE_RECURSION = YES;
				CLANG_WARN_INT_CONVERSION = YES;
				CLANG_WARN_NON_LITERAL_NULL_CONVERSION = YES;
				CLANG_WARN_OBJC_IMPLICIT_RETAIN_SELF = YES;
				CLANG_WARN_OBJC_LITERAL_CONVERSION = YES;
				CLANG_WARN_OBJC_ROOT_CLASS = YES_ERROR;
				CLANG_WARN_QUOTED_INCLUDE_IN_FRAMEWORK_HEADER = YES;
				CLANG_WARN_RANGE_LOOP_ANALYSIS = YES;
				CLANG_WARN_STRICT_PROTOTYPES = YES;
				CLANG_WARN_SUSPICIOUS_MOVE = YES;
				CLANG_WARN_UNGUARDED_AVAILABILITY = YES_AGGRESSIVE;
				CLANG_WARN_UNREACHABLE_CODE = YES;
				CLANG_WARN__DUPLICATE_METHOD_MATCH = YES;
				COPY_PHASE_STRIP = NO;
				DEBUG_INFORMATION_FORMAT = dwarf;
				ENABLE_STRICT_OBJC_MSGSEND = YES;
				ENABLE_TESTABILITY = YES;
				GCC_C_LANGUAGE_STANDARD = gnu11;
				GCC_DYNAMIC_NO_PIC = NO;
				GCC_NO_COMMON_BLOCKS = YES;
				GCC_OPTIMIZATION_LEVEL = 0;
				GCC_PREPROCESSOR_DEFINITIONS = (
					"DEBUG=1",
					"$(inherited)",
				);
				GCC_WARN_64_TO_32_BIT_CONVERSION = YES;
				GCC_WARN_ABOUT_RETURN_TYPE = YES_ERROR;
				GCC_WARN_UNDECLARED_SELECTOR = YES;
				GCC_WARN_UNINITIALIZED_AUTOS = YES_AGGRESSIVE;
				GCC_WARN_UNUSED_FUNCTION = YES;
				GCC_WARN_UNUSED_VARIABLE = YES;
				IPHONEOS_DEPLOYMENT_TARGET = 15.4;
				MTL_ENABLE_DEBUG_INFO = INCLUDE_SOURCE;
				MTL_FAST_MATH = YES;
				ONLY_ACTIVE_ARCH = YES;
				SDKROOT = iphoneos;
				SWIFT_ACTIVE_COMPILATION_CONDITIONS = DEBUG;
				SWIFT_OPTIMIZATION_LEVEL = "-Onone";
			};
			name = Debug;
		};
		0EFB74782922C7A000A2C2F1 /* Release */ = {
			isa = XCBuildConfiguration;
			buildSettings = {
				ALWAYS_SEARCH_USER_PATHS = NO;
				CLANG_ANALYZER_NONNULL = YES;
				CLANG_ANALYZER_NUMBER_OBJECT_CONVERSION = YES_AGGRESSIVE;
				CLANG_CXX_LANGUAGE_STANDARD = "gnu++17";
				CLANG_ENABLE_MODULES = YES;
				CLANG_ENABLE_OBJC_ARC = YES;
				CLANG_ENABLE_OBJC_WEAK = YES;
				CLANG_WARN_BLOCK_CAPTURE_AUTORELEASING = YES;
				CLANG_WARN_BOOL_CONVERSION = YES;
				CLANG_WARN_COMMA = YES;
				CLANG_WARN_CONSTANT_CONVERSION = YES;
				CLANG_WARN_DEPRECATED_OBJC_IMPLEMENTATIONS = YES;
				CLANG_WARN_DIRECT_OBJC_ISA_USAGE = YES_ERROR;
				CLANG_WARN_DOCUMENTATION_COMMENTS = YES;
				CLANG_WARN_EMPTY_BODY = YES;
				CLANG_WARN_ENUM_CONVERSION = YES;
				CLANG_WARN_INFINITE_RECURSION = YES;
				CLANG_WARN_INT_CONVERSION = YES;
				CLANG_WARN_NON_LITERAL_NULL_CONVERSION = YES;
				CLANG_WARN_OBJC_IMPLICIT_RETAIN_SELF = YES;
				CLANG_WARN_OBJC_LITERAL_CONVERSION = YES;
				CLANG_WARN_OBJC_ROOT_CLASS = YES_ERROR;
				CLANG_WARN_QUOTED_INCLUDE_IN_FRAMEWORK_HEADER = YES;
				CLANG_WARN_RANGE_LOOP_ANALYSIS = YES;
				CLANG_WARN_STRICT_PROTOTYPES = YES;
				CLANG_WARN_SUSPICIOUS_MOVE = YES;
				CLANG_WARN_UNGUARDED_AVAILABILITY = YES_AGGRESSIVE;
				CLANG_WARN_UNREACHABLE_CODE = YES;
				CLANG_WARN__DUPLICATE_METHOD_MATCH = YES;
				COPY_PHASE_STRIP = NO;
				DEBUG_INFORMATION_FORMAT = "dwarf-with-dsym";
				ENABLE_NS_ASSERTIONS = NO;
				ENABLE_STRICT_OBJC_MSGSEND = YES;
				GCC_C_LANGUAGE_STANDARD = gnu11;
				GCC_NO_COMMON_BLOCKS = YES;
				GCC_WARN_64_TO_32_BIT_CONVERSION = YES;
				GCC_WARN_ABOUT_RETURN_TYPE = YES_ERROR;
				GCC_WARN_UNDECLARED_SELECTOR = YES;
				GCC_WARN_UNINITIALIZED_AUTOS = YES_AGGRESSIVE;
				GCC_WARN_UNUSED_FUNCTION = YES;
				GCC_WARN_UNUSED_VARIABLE = YES;
				IPHONEOS_DEPLOYMENT_TARGET = 15.4;
				MTL_ENABLE_DEBUG_INFO = NO;
				MTL_FAST_MATH = YES;
				SDKROOT = iphoneos;
				SWIFT_COMPILATION_MODE = wholemodule;
				SWIFT_OPTIMIZATION_LEVEL = "-O";
				VALIDATE_PRODUCT = YES;
			};
			name = Release;
		};
		0EFB747A2922C7A000A2C2F1 /* Debug */ = {
			isa = XCBuildConfiguration;
			buildSettings = {
				ASSETCATALOG_COMPILER_APPICON_NAME = AppIcon;
				ASSETCATALOG_COMPILER_GLOBAL_ACCENT_COLOR_NAME = AccentColor;
				CODE_SIGN_STYLE = Automatic;
				CURRENT_PROJECT_VERSION = 1;
				DEVELOPMENT_ASSET_PATHS = "\"HW4/Preview Content\"";
				DEVELOPMENT_TEAM = 6RFGZKG2P5;
				ENABLE_PREVIEWS = YES;
				GENERATE_INFOPLIST_FILE = YES;
				INFOPLIST_KEY_UIApplicationSceneManifest_Generation = YES;
				INFOPLIST_KEY_UIApplicationSupportsIndirectInputEvents = YES;
				INFOPLIST_KEY_UILaunchScreen_Generation = YES;
				INFOPLIST_KEY_UISupportedInterfaceOrientations_iPad = "UIInterfaceOrientationPortrait UIInterfaceOrientationPortraitUpsideDown UIInterfaceOrientationLandscapeLeft UIInterfaceOrientationLandscapeRight";
				INFOPLIST_KEY_UISupportedInterfaceOrientations_iPhone = "UIInterfaceOrientationPortrait UIInterfaceOrientationLandscapeLeft UIInterfaceOrientationLandscapeRight";
				LD_RUNPATH_SEARCH_PATHS = (
					"$(inherited)",
					"@executable_path/Frameworks",
				);
				MARKETING_VERSION = 1.0;
				PRODUCT_BUNDLE_IDENTIFIER = fDll.HW4;
				PRODUCT_NAME = "$(TARGET_NAME)";
				SWIFT_EMIT_LOC_STRINGS = YES;
				SWIFT_VERSION = 5.0;
				TARGETED_DEVICE_FAMILY = "1,2";
			};
			name = Debug;
		};
		0EFB747B2922C7A000A2C2F1 /* Release */ = {
			isa = XCBuildConfiguration;
			buildSettings = {
				ASSETCATALOG_COMPILER_APPICON_NAME = AppIcon;
				ASSETCATALOG_COMPILER_GLOBAL_ACCENT_COLOR_NAME = AccentColor;
				CODE_SIGN_STYLE = Automatic;
				CURRENT_PROJECT_VERSION = 1;
				DEVELOPMENT_ASSET_PATHS = "\"HW4/Preview Content\"";
				DEVELOPMENT_TEAM = 6RFGZKG2P5;
				ENABLE_PREVIEWS = YES;
				GENERATE_INFOPLIST_FILE = YES;
				INFOPLIST_KEY_UIApplicationSceneManifest_Generation = YES;
				INFOPLIST_KEY_UIApplicationSupportsIndirectInputEvents = YES;
				INFOPLIST_KEY_UILaunchScreen_Generation = YES;
				INFOPLIST_KEY_UISupportedInterfaceOrientations_iPad = "UIInterfaceOrientationPortrait UIInterfaceOrientationPortraitUpsideDown UIInterfaceOrientationLandscapeLeft UIInterfaceOrientationLandscapeRight";
				INFOPLIST_KEY_UISupportedInterfaceOrientations_iPhone = "UIInterfaceOrientationPortrait UIInterfaceOrientationLandscapeLeft UIInterfaceOrientationLandscapeRight";
				LD_RUNPATH_SEARCH_PATHS = (
					"$(inherited)",
					"@executable_path/Frameworks",
				);
				MARKETING_VERSION = 1.0;
				PRODUCT_BUNDLE_IDENTIFIER = fDll.HW4;
				PRODUCT_NAME = "$(TARGET_NAME)";
				SWIFT_EMIT_LOC_STRINGS = YES;
				SWIFT_VERSION = 5.0;
				TARGETED_DEVICE_FAMILY = "1,2";
			};
			name = Release;
		};
/* End XCBuildConfiguration section */

/* Begin XCConfigurationList section */
		0EFB74662922C79F00A2C2F1 /* Build configuration list for PBXProject "HW4" */ = {
			isa = XCConfigurationList;
			buildConfigurations = (
				0EFB74772922C7A000A2C2F1 /* Debug */,
				0EFB74782922C7A000A2C2F1 /* Release */,
			);
			defaultConfigurationIsVisible = 0;
			defaultConfigurationName = Release;
		};
		0EFB74792922C7A000A2C2F1 /* Build configuration list for PBXNativeTarget "HW4" */ = {
			isa = XCConfigurationList;
			buildConfigurations = (
				0EFB747A2922C7A000A2C2F1 /* Debug */,
				0EFB747B2922C7A000A2C2F1 /* Release */,
			);
			defaultConfigurationIsVisible = 0;
			defaultConfigurationName = Release;
		};
/* End XCConfigurationList section */
	};
	rootObject = 0EFB74632922C79F00A2C2F1 /* Project object */;
}
